
Microsoft Visual Studio Solution File, Format Version 12.00
# Visual Studio Version 16
VisualStudioVersion = 16.0.31515.178
MinimumVisualStudioVersion = 10.0.40219.1
Project("{FAE04EC0-301F-11D3-BF4B-00C04F79EFBC}") = "SimpleBotCore", "SimpleBotCore\SimpleBotCore.csproj", "{AA24ECB9-4E23-4390-BCCC-8C517FE5BC8A}"
EndProject
Global
	GlobalSection(SolutionConfigurationPlatforms) = preSolution
		Debug|Any CPU = Debug|Any CPU
		Release|Any CPU = Release|Any CPU
	EndGlobalSection
	GlobalSection(ProjectConfigurationPlatforms) = postSolution
		{AA24ECB9-4E23-4390-BCCC-8C517FE5BC8A}.Debug|Any CPU.ActiveCfg = Debug|Any CPU
		{AA24ECB9-4E23-4390-BCCC-8C517FE5BC8A}.Debug|Any CPU.Build.0 = Debug|Any CPU
		{AA24ECB9-4E23-4390-BCCC-8C517FE5BC8A}.Release|Any CPU.ActiveCfg = Release|Any CPU
		{AA24ECB9-4E23-4390-BCCC-8C517FE5BC8A}.Release|Any CPU.Build.0 = Release|Any CPU
	EndGlobalSection
	GlobalSection(SolutionProperties) = preSolution
		HideSolutionNode = FALSE
	EndGlobalSection
	GlobalSection(ExtensibilityGlobals) = postSolution
		SolutionGuid = {1B5ECF28-9DFA-4187-AC0F-D9895DE8A74F}
	EndGlobalSection
EndGlobal
